
Microsoft Visual Studio Solution File, Format Version 12.00
# Visual Studio Version 16
VisualStudioVersion = 16.0.29519.87
MinimumVisualStudioVersion = 10.0.40219.1
Project("{9A19103F-16F7-4668-BE54-9A1E7A4F7556}") = "ClassTemplateTools", "ClassTemplateTools\ClassTemplateTools.csproj", "{6E88FEAF-1B7A-459E-91A6-207B93EF309C}"
EndProject
Project("{FAE04EC0-301F-11D3-BF4B-00C04F79EFBC}") = "ClassTemplateToolsTests", "ClassTemplateToolsTests\ClassTemplateToolsTests.csproj", "{E1244C6B-9CEF-4462-B2EE-107ED992EF6D}"
EndProject
Global
	GlobalSection(SolutionConfigurationPlatforms) = preSolution
		Debug|Any CPU = Debug|Any CPU
		Release|Any CPU = Release|Any CPU
	EndGlobalSection
	GlobalSection(ProjectConfigurationPlatforms) = postSolution
		{6E88FEAF-1B7A-459E-91A6-207B93EF309C}.Debug|Any CPU.ActiveCfg = Debug|Any CPU
		{6E88FEAF-1B7A-459E-91A6-207B93EF309C}.Debug|Any CPU.Build.0 = Debug|Any CPU
		{6E88FEAF-1B7A-459E-91A6-207B93EF309C}.Release|Any CPU.ActiveCfg = Release|Any CPU
		{6E88FEAF-1B7A-459E-91A6-207B93EF309C}.Release|Any CPU.Build.0 = Release|Any CPU
		{E1244C6B-9CEF-4462-B2EE-107ED992EF6D}.Debug|Any CPU.ActiveCfg = Debug|Any CPU
		{E1244C6B-9CEF-4462-B2EE-107ED992EF6D}.Debug|Any CPU.Build.0 = Debug|Any CPU
		{E1244C6B-9CEF-4462-B2EE-107ED992EF6D}.Release|Any CPU.ActiveCfg = Release|Any CPU
		{E1244C6B-9CEF-4462-B2EE-107ED992EF6D}.Release|Any CPU.Build.0 = Release|Any CPU
	EndGlobalSection
	GlobalSection(SolutionProperties) = preSolution
		HideSolutionNode = FALSE
	EndGlobalSection
	GlobalSection(ExtensibilityGlobals) = postSolution
		SolutionGuid = {EF1C11D2-F851-4BF4-8F3F-63A61C7A107C}
	EndGlobalSection
EndGlobal
